version = 1
revision = 3
requires-python = ">=3.12"

[[package]]
name = "checks"
version = "0.1.0"
source = { virtual = "." }
dependencies = [
    { name = "prek" },
    { name = "sourcemeta-jsonschema" },
]

[package.metadata]
requires-dist = [
    { name = "prek", specifier = ">=0.3.8" },
    { name = "sourcemeta-jsonschema", specifier = ">=14.17.0" },
]

[[package]]
name = "prek"
version = "0.3.8"
source = { registry = "https://pypi.org/simple" }
sdist = { url = "https://files.pythonhosted.org/packages/62/ee/03e8180e3fda9de25b6480bd15cc2bde40d573868d50648b0e527b35562f/prek-0.3.8.tar.gz", hash = "sha256:434a214256516f187a3ab15f869d950243be66b94ad47987ee4281b69643a2d9", size = 400224, upload-time = "2026-03-23T08:23:35.981Z" }
wheels = [
    { url = "https://files.pythonhosted.org/packages/00/84/40d2ddf362d12c4cd4a25a8c89a862edf87cdfbf1422aa41aac8e315d409/prek-0.3.8-py3-none-linux_armv6l.whl", hash = "sha256:6fb646ada60658fa6dd7771b2e0fb097f005151be222f869dada3eb26d79ed33", size = 5226646, upload-time = "2026-03-23T08:23:18.306Z" },
    { url = "https://files.pythonhosted.org/packages/e1/52/7308a033fa43b7e8e188797bd2b3b017c0f0adda70fa7af575b1f43ea888/prek-0.3.8-py3-none-macosx_10_12_x86_64.whl", hash = "sha256:f3d7fdadb15efc19c09953c7a33cf2061a70f367d1e1957358d3ad5cc49d0616", size = 5620104, upload-time = "2026-03-23T08:23:40.053Z" },
    { url = "https://files.pythonhosted.org/packages/ff/b1/f106ac000a91511a9cd80169868daf2f5b693480ef5232cec5517a38a512/prek-0.3.8-py3-none-macosx_11_0_arm64.whl", hash = "sha256:72728c3295e79ca443f8c1ec037d2a5b914ec73a358f69cf1bc1964511876bf8", size = 5199867, upload-time = "2026-03-23T08:23:38.066Z" },
    { url = "https://files.pythonhosted.org/packages/b3/e9/970713f4b019f69de9844e1bab37b8ddb67558e410916f4eb5869a696165/prek-0.3.8-py3-none-manylinux_2_17_aarch64.manylinux2014_aarch64.musllinux_1_1_aarch64.whl", hash = "sha256:48efc28f2f53b5b8087efca9daaed91572d62df97d5f24a1c7a087fecb5017de", size = 5441801, upload-time = "2026-03-23T08:23:32.617Z" },
    { url = "https://files.pythonhosted.org/packages/12/a4/7ef44032b181753e19452ec3b09abb3a32607cf6b0a0508f0604becaaf2b/prek-0.3.8-py3-none-manylinux_2_17_armv7l.manylinux2014_armv7l.whl", hash = "sha256:f6ca9d63bacbc448a5c18e955c78d3ac5176c3a17c3baacdd949b1a623e08a36", size = 5155107, upload-time = "2026-03-23T08:23:31.021Z" },
    { url = "https://files.pythonhosted.org/packages/bd/77/4d9c8985dbba84149760785dfe07093ea1e29d710257dfb7c89615e2234c/prek-0.3.8-py3-none-manylinux_2_17_i686.manylinux2014_i686.whl", hash = "sha256:1000f7029696b4fe712fb1fefd4c55b9c4de72b65509c8e50296370a06f9dc3f", size = 5566541, upload-time = "2026-03-23T08:23:45.694Z" },
    { url = "https://files.pythonhosted.org/packages/1a/1a/81e6769ac1f7f8346d09ce2ab0b47cf06466acd9ff72e87e5d1f0d98cd32/prek-0.3.8-py3-none-manylinux_2_17_s390x.manylinux2014_s390x.whl", hash = "sha256:6ff0bed0e2c1286522987d982168a86cbbd0d069d840506a46c9fda983515517", size = 6552991, upload-time = "2026-03-23T08:23:21.958Z" },
    { url = "https://files.pythonhosted.org/packages/6f/fa/ce2df0dd2dc75a9437a52463239d0782998943d7b04e191fb89b83016c34/prek-0.3.8-py3-none-manylinux_2_17_x86_64.manylinux2014_x86_64.whl", hash = "sha256:4fb087ac0ffda3ac65bbbae9a38326a7fd27ee007bb4a94323ce1eb539d8bbec", size = 5832972, upload-time = "2026-03-23T08:23:20.258Z" },
    { url = "https://files.pythonhosted.org/packages/18/6b/9d4269df9073216d296244595a21c253b6475dfc9076c0bd2906be7a436c/prek-0.3.8-py3-none-manylinux_2_28_aarch64.whl", hash = "sha256:2e1e5e206ff7b31bd079cce525daddc96cd6bc544d20dc128921ad92f7a4c85d", size = 5448371, upload-time = "2026-03-23T08:23:41.835Z" },
    { url = "https://files.pythonhosted.org/packages/60/1d/1e4d8a78abefa5b9d086e5a9f1638a74b5e540eec8a648d9946707701f29/prek-0.3.8-py3-none-manylinux_2_31_riscv64.whl", hash = "sha256:dcea3fe23832a4481bccb7c45f55650cb233be7c805602e788bb7dba60f2d861", size = 5270546, upload-time = "2026-03-23T08:23:24.231Z" },
    { url = "https://files.pythonhosted.org/packages/77/07/34f36551a6319ae36e272bea63a42f59d41d2d47ab0d5fb00eb7b4e88e87/prek-0.3.8-py3-none-musllinux_1_1_armv7l.whl", hash = "sha256:4d25e647e9682f6818ab5c31e7a4b842993c14782a6ffcd128d22b784e0d677f", size = 5124032, upload-time = "2026-03-23T08:23:26.368Z" },
    { url = "https://files.pythonhosted.org/packages/e3/01/6d544009bb655e709993411796af77339f439526db4f3b3509c583ad8eb9/prek-0.3.8-py3-none-musllinux_1_1_i686.whl", hash = "sha256:de528b82935e33074815acff3c7c86026754d1212136295bc88fe9c43b4231d5", size = 5432245, upload-time = "2026-03-23T08:23:47.877Z" },
    { url = "https://files.pythonhosted.org/packages/54/96/1237ee269e9bfa283ffadbcba1f401f48a47aed2b2563eb1002740d6079d/prek-0.3.8-py3-none-musllinux_1_1_x86_64.whl", hash = "sha256:6d660f1c25a126e6d9f682fe61449441226514f412a4469f5d71f8f8cad56db2", size = 5950550, upload-time = "2026-03-23T08:23:43.8Z" },
    { url = "https://files.pythonhosted.org/packages/ca/6b/a574411459049bc691047c9912f375deda10c44a707b6ce98df2b658f0b3/prek-0.3.8-py3-none-win32.whl", hash = "sha256:b0c291c577615d9f8450421dff0b32bfd77a6b0d223ee4115a1f820cb636fdf1", size = 4949501, upload-time = "2026-03-23T08:23:16.338Z" },
    { url = "https://files.pythonhosted.org/packages/0c/b4/46b59fe49f635acd9f6530778ce577f9d8b49452835726a5311ffc902c67/prek-0.3.8-py3-none-win_amd64.whl", hash = "sha256:bc147fdbdd4ec33fc7a987b893ecb69b1413ac100d95c9889a70f3fd58c73d06", size = 5346551, upload-time = "2026-03-23T08:23:34.501Z" },
    { url = "https://files.pythonhosted.org/packages/53/05/9cca1708bb8c65264124eb4b04251e0f65ce5bfc707080bb6b492d5a0df7/prek-0.3.8-py3-none-win_arm64.whl", hash = "sha256:a2614647aeafa817a5802ccb9561e92eedc20dcf840639a1b00826e2c2442515", size = 5190872, upload-time = "2026-03-23T08:23:29.463Z" },
]

[[package]]
name = "sourcemeta-jsonschema"
version = "14.17.0"
source = { registry = "https://pypi.org/simple" }
sdist = { url = "https://files.pythonhosted.org/packages/d8/97/7d3107169de6d51e88aba59d74355eeb9228a036293424bd25e0d8062c85/sourcemeta_jsonschema-14.17.0.tar.gz", hash = "sha256:c8f084da0c6f929c224233fb67f3e9ec6148977142dfe7090175894404d39bce", size = 14813708, upload-time = "2026-03-27T20:15:48.13Z" }
wheels = [
    { url = "https://files.pythonhosted.org/packages/c7/e9/5a073fb9cac67d8dc86e0e9679beb9888df4e00aa3443896e6575c509245/sourcemeta_jsonschema-14.17.0-py3-none-any.whl", hash = "sha256:847739a6665acf8e1aeac7f7b9555af76e6f05d6d3c2fb549271650aef943286", size = 14865627, upload-time = "2026-03-27T20:15:45.982Z" },
]
